{
  "requires": true,
  "lockfileVersion": 1,
  "dependencies": {
    "miniprogram-api-typings": {
      "version": "3.2.0",
      "resolved": "https://registry.npmjs.org/miniprogram-api-typings/-/miniprogram-api-typings-3.2.0.tgz",
      "integrity": "sha512-6A4UX9nCvJolPrgqZ0MIg2+3ZuROi1ExN+JcI0/R1SLroU3R3mjsg+hRkz4RWShYsumMsqmiicP7U4yeXICxiw==",
      "dev": true
    }
  }
}
